
Microsoft Visual Studio Solution File, Format Version 12.00
# Visual Studio Version 17
VisualStudioVersion = 17.11.35219.272
MinimumVisualStudioVersion = 10.0.40219.1
Project("{FAE04EC0-301F-11D3-BF4B-00C04F79EFBC}") = "DemoHospital.Core", "DemoHospital.Core\DemoHospital.Core.csproj", "{5EC46F18-B44A-4B56-987A-77EC0AF28F8A}"
EndProject
Project("{FAE04EC0-301F-11D3-BF4B-00C04F79EFBC}") = "ConsoleApp1", "ConsoleApp1\ConsoleApp1.csproj", "{441E8109-3CA3-47E8-B468-77668C0FC012}"
EndProject
Global
	GlobalSection(SolutionConfigurationPlatforms) = preSolution
		Debug|Any CPU = Debug|Any CPU
		Release|Any CPU = Release|Any CPU
	EndGlobalSection
	GlobalSection(ProjectConfigurationPlatforms) = postSolution
		{5EC46F18-B44A-4B56-987A-77EC0AF28F8A}.Debug|Any CPU.ActiveCfg = Debug|Any CPU
		{5EC46F18-B44A-4B56-987A-77EC0AF28F8A}.Debug|Any CPU.Build.0 = Debug|Any CPU
		{5EC46F18-B44A-4B56-987A-77EC0AF28F8A}.Release|Any CPU.ActiveCfg = Release|Any CPU
		{5EC46F18-B44A-4B56-987A-77EC0AF28F8A}.Release|Any CPU.Build.0 = Release|Any CPU
		{441E8109-3CA3-47E8-B468-77668C0FC012}.Debug|Any CPU.ActiveCfg = Debug|Any CPU
		{441E8109-3CA3-47E8-B468-77668C0FC012}.Debug|Any CPU.Build.0 = Debug|Any CPU
		{441E8109-3CA3-47E8-B468-77668C0FC012}.Release|Any CPU.ActiveCfg = Release|Any CPU
		{441E8109-3CA3-47E8-B468-77668C0FC012}.Release|Any CPU.Build.0 = Release|Any CPU
	EndGlobalSection
	GlobalSection(SolutionProperties) = preSolution
		HideSolutionNode = FALSE
	EndGlobalSection
	GlobalSection(ExtensibilityGlobals) = postSolution
		SolutionGuid = {9B892ED2-3229-4E22-AA97-3D26D9C9E317}
	EndGlobalSection
EndGlobal
